
Microsoft Visual Studio Solution File, Format Version 12.00
# Visual Studio Version 17
VisualStudioVersion = 17.10.35013.160
MinimumVisualStudioVersion = 10.0.40219.1
Project("{FAE04EC0-301F-11D3-BF4B-00C04F79EFBC}") = "CombTask3", "CombTask3\CombTask3.csproj", "{E9EDFD4B-12AE-467C-A6D0-073DC6A5972F}"
EndProject
Global
	GlobalSection(SolutionConfigurationPlatforms) = preSolution
		Debug|Any CPU = Debug|Any CPU
		Release|Any CPU = Release|Any CPU
	EndGlobalSection
	GlobalSection(ProjectConfigurationPlatforms) = postSolution
		{E9EDFD4B-12AE-467C-A6D0-073DC6A5972F}.Debug|Any CPU.ActiveCfg = Debug|Any CPU
		{E9EDFD4B-12AE-467C-A6D0-073DC6A5972F}.Debug|Any CPU.Build.0 = Debug|Any CPU
		{E9EDFD4B-12AE-467C-A6D0-073DC6A5972F}.Release|Any CPU.ActiveCfg = Release|Any CPU
		{E9EDFD4B-12AE-467C-A6D0-073DC6A5972F}.Release|Any CPU.Build.0 = Release|Any CPU
	EndGlobalSection
	GlobalSection(SolutionProperties) = preSolution
		HideSolutionNode = FALSE
	EndGlobalSection
	GlobalSection(ExtensibilityGlobals) = postSolution
		SolutionGuid = {DC3C561A-9411-4AAC-8486-CC019610D8FB}
	EndGlobalSection
EndGlobal
