
Microsoft Visual Studio Solution File, Format Version 12.00
# Visual Studio Version 17
VisualStudioVersion = 17.10.35013.160
MinimumVisualStudioVersion = 10.0.40219.1
Project("{FAE04EC0-301F-11D3-BF4B-00C04F79EFBC}") = "comba_11.3", "comba_11.3\comba_11.3.csproj", "{809485B1-8062-43AC-BEF9-1EB8FB477F4A}"
EndProject
Global
	GlobalSection(SolutionConfigurationPlatforms) = preSolution
		Debug|Any CPU = Debug|Any CPU
		Release|Any CPU = Release|Any CPU
	EndGlobalSection
	GlobalSection(ProjectConfigurationPlatforms) = postSolution
		{809485B1-8062-43AC-BEF9-1EB8FB477F4A}.Debug|Any CPU.ActiveCfg = Debug|Any CPU
		{809485B1-8062-43AC-BEF9-1EB8FB477F4A}.Debug|Any CPU.Build.0 = Debug|Any CPU
		{809485B1-8062-43AC-BEF9-1EB8FB477F4A}.Release|Any CPU.ActiveCfg = Release|Any CPU
		{809485B1-8062-43AC-BEF9-1EB8FB477F4A}.Release|Any CPU.Build.0 = Release|Any CPU
	EndGlobalSection
	GlobalSection(SolutionProperties) = preSolution
		HideSolutionNode = FALSE
	EndGlobalSection
	GlobalSection(ExtensibilityGlobals) = postSolution
		SolutionGuid = {A1170C9D-BE19-4039-9578-67FCB44B0C80}
	EndGlobalSection
EndGlobal
